
Microsoft Visual Studio Solution File, Format Version 12.00
# Visual Studio Version 17
VisualStudioVersion = 17.11.35312.102
MinimumVisualStudioVersion = 10.0.40219.1
Project("{9A19103F-16F7-4668-BE54-9A1E7A4F7556}") = "restaurant-orders-api", "restaurant-orders-api.csproj", "{7BC8C5CD-788D-43F0-BB07-D860A0D04573}"
EndProject
Global
	GlobalSection(SolutionConfigurationPlatforms) = preSolution
		Debug|Any CPU = Debug|Any CPU
		Release|Any CPU = Release|Any CPU
	EndGlobalSection
	GlobalSection(ProjectConfigurationPlatforms) = postSolution
		{7BC8C5CD-788D-43F0-BB07-D860A0D04573}.Debug|Any CPU.ActiveCfg = Debug|Any CPU
		{7BC8C5CD-788D-43F0-BB07-D860A0D04573}.Debug|Any CPU.Build.0 = Debug|Any CPU
		{7BC8C5CD-788D-43F0-BB07-D860A0D04573}.Release|Any CPU.ActiveCfg = Release|Any CPU
		{7BC8C5CD-788D-43F0-BB07-D860A0D04573}.Release|Any CPU.Build.0 = Release|Any CPU
	EndGlobalSection
	GlobalSection(SolutionProperties) = preSolution
		HideSolutionNode = FALSE
	EndGlobalSection
	GlobalSection(ExtensibilityGlobals) = postSolution
		SolutionGuid = {B026ED9F-8668-4A42-B23D-FF75FD653B91}
	EndGlobalSection
EndGlobal
